<?xml version="1.0" encoding="utf-8"?>
<Project ToolsVersion="4.0" xmlns="http://schemas.microsoft.com/developer/msbuild/2003">
  <ItemGroup>
    <Filter Include="Source Files">
      <UniqueIdentifier>{4FC737F1-C7A5-4376-A066-2A32D752A2FF}</UniqueIdentifier>
      <Extensions>cpp;c;cc;cxx;c++;cppm;ixx;def;odl;idl;hpj;bat;asm;asmx</Extensions>
    </Filter>
    <Filter Include="Header Files">
      <UniqueIdentifier>{93995380-89BD-4b04-88EB-625FBE52EBFB}</UniqueIdentifier>
      <Extensions>h;hh;hpp;hxx;h++;hm;inl;inc;ipp;xsd</Extensions>
    </Filter>
    <Filter Include="Resource Files">
      <UniqueIdentifier>{67DA6AB6-F800-4c08-8B7A-83BB121AAD01}</UniqueIdentifier>
      <Extensions>rc;ico;cur;bmp;dlg;rc2;rct;bin;rgs;gif;jpg;jpeg;jpe;resx;tiff;tif;png;wav;mfcribbon-ms</Extensions>
    </Filter>
    <Filter Include="Header Files\util">
      <UniqueIdentifier>{2fa34dca-95bb-4f87-a1b1-80d69ab753d8}</UniqueIdentifier>
    </Filter>
    <Filter Include="Source Files\util">
      <UniqueIdentifier>{f43bb1b6-e92f-47aa-8cf8-bc4b60444a46}</UniqueIdentifier>
    </Filter>
    <Filter Include="Header Files\components">
      <UniqueIdentifier>{89b8746d-486d-4619-8592-2ee0558eac58}</UniqueIdentifier>
    </Filter>
    <Filter Include="Source Files\components">
      <UniqueIdentifier>{f68b1bf3-c690-48f5-b3b5-59bed6707e69}</UniqueIdentifier>
    </Filter>
  </ItemGroup>
  <ItemGroup>
    <ClCompile Include="src\main.c">
      <Filter>Source Files</Filter>
    </ClCompile>
    <ClCompile Include="src\engine\apricot.c">
      <Filter>Source Files</Filter>
    </ClCompile>
    <ClCompile Include="src\terrain.c">
      <Filter>Source Files</Filter>
    </ClCompile>
    <ClCompile Include="src\engine\scene.c">
      <Filter>Source Files</Filter>
    </ClCompile>
    <ClCompile Include="src\util\debug.c">
      <Filter>Source Files\util</Filter>
    </ClCompile>
    <ClCompile Include="src\util\arraylist.c">
      <Filter>Source Files\util</Filter>
    </ClCompile>
    <ClCompile Include="src\scenes\match.c">
      <Filter>Source Files\components</Filter>
    </ClCompile>
    <ClCompile Include="src\entities\components.c">
      <Filter>Source Files\components</Filter>
    </ClCompile>
    <ClCompile Include="src\engine\textureManager.c">
      <Filter>Source Files\util</Filter>
    </ClCompile>
    <ClCompile Include="src\textures.c">
      <Filter>Source Files</Filter>
    </ClCompile>
    <ClCompile Include="src\entities\city.c">
      <Filter>Source Files</Filter>
    </ClCompile>
    <ClCompile Include="src\util\vector.c">
      <Filter>Source Files</Filter>
    </ClCompile>
    <ClCompile Include="src\entities\nation.c">
      <Filter>Source Files</Filter>
    </ClCompile>
    <ClCompile Include="src\entities\infantry.c">
      <Filter>Source Files</Filter>
    </ClCompile>
    <ClCompile Include="src\util\polygon.c">
      <Filter>Source Files</Filter>
    </ClCompile>
    <ClCompile Include="src\entities\bullet.c">
      <Filter>Source Files</Filter>
    </ClCompile>
    <ClCompile Include="src\gui\guic.c">
      <Filter>Source Files</Filter>
    </ClCompile>
    <ClCompile Include="src\scenes\menu.c">
      <Filter>Source Files</Filter>
    </ClCompile>
    <ClCompile Include="src\entities\coin.c">
      <Filter>Source Files</Filter>
    </ClCompile>
    <ClCompile Include="src\entities\mine.c">
      <Filter>Source Files</Filter>
    </ClCompile>
    <ClCompile Include="src\entities\ore.c">
      <Filter>Source Files</Filter>
    </ClCompile>
    <ClCompile Include="src\entities\factory.c">
      <Filter>Source Files</Filter>
    </ClCompile>
    <ClCompile Include="src\entities\cavalry.c">
      <Filter>Source Files</Filter>
    </ClCompile>
    <ClCompile Include="src\entities\artillery.c">
      <Filter>Source Files</Filter>
    </ClCompile>
    <ClCompile Include="src\entities\shell.c">
      <Filter>Source Files</Filter>
    </ClCompile>
    <ClCompile Include="src\entities\wall.c">
      <Filter>Source Files</Filter>
    </ClCompile>
    <ClCompile Include="src\entities\port.c">
      <Filter>Source Files</Filter>
    </ClCompile>
    <ClCompile Include="src\entities\battleship.c">
      <Filter>Source Files</Filter>
    </ClCompile>
    <ClCompile Include="src\entities\cruiser.c">
      <Filter>Source Files</Filter>
    </ClCompile>
    <ClCompile Include="src\entities\destroyer.c">
      <Filter>Source Files</Filter>
    </ClCompile>
    <ClCompile Include="src\util\lexicon.c">
      <Filter>Source Files</Filter>
    </ClCompile>
    <ClCompile Include="src\entities\fighter.c">
      <Filter>Source Files</Filter>
    </ClCompile>
    <ClCompile Include="src\entities\attacker.c">
      <Filter>Source Files</Filter>
    </ClCompile>
    <ClCompile Include="src\entities\bomber.c">
      <Filter>Source Files</Filter>
    </ClCompile>
    <ClCompile Include="src\entities\bomb.c">
      <Filter>Source Files</Filter>
    </ClCompile>
    <ClCompile Include="src\entities\airfield.c">
      <Filter>Source Files</Filter>
    </ClCompile>
    <ClCompile Include="src\entities\engineer.c">
      <Filter>Source Files</Filter>
    </ClCompile>
    <ClCompile Include="src\entities\farm.c">
      <Filter>Source Files</Filter>
    </ClCompile>
    <ClCompile Include="src\entities\academy.c">
      <Filter>Source Files</Filter>
    </ClCompile>
    <ClCompile Include="src\scenes\pause.c">
      <Filter>Source Files</Filter>
    </ClCompile>
    <ClCompile Include="src\util\perlin.c">
      <Filter>Source Files</Filter>
    </ClCompile>
    <ClCompile Include="src\entities\orderButton.c">
      <Filter>Source Files</Filter>
    </ClCompile>
    <ClCompile Include="src\gui\SDL_FontCache.c">
      <Filter>Source Files</Filter>
    </ClCompile>
    <ClCompile Include="src\engine\soundManager.c">
      <Filter>Source Files</Filter>
    </ClCompile>
    <ClCompile Include="src\scenes\tournament.c">
      <Filter>Source Files</Filter>
    </ClCompile>
    <ClCompile Include="src\engine\goap.c">
      <Filter>Source Files</Filter>
    </ClCompile>
    <ClCompile Include="src\scenes\ai.c">
      <Filter>Source Files</Filter>
    </ClCompile>
    <ClCompile Include="src\util\heap.c">
      <Filter>Source Files</Filter>
    </ClCompile>
    <ClCompile Include="src\entities\food.c">
      <Filter>Source Files</Filter>
    </ClCompile>
  </ItemGroup>
  <ItemGroup>
    <ClInclude Include="src\engine\apricot.h">
      <Filter>Header Files</Filter>
    </ClInclude>
    <ClInclude Include="src\terrain.h">
      <Filter>Header Files</Filter>
    </ClInclude>
    <ClInclude Include="src\engine\scene.h">
      <Filter>Header Files</Filter>
    </ClInclude>
    <ClInclude Include="src\util\debug.h">
      <Filter>Header Files\util</Filter>
    </ClInclude>
    <ClInclude Include="src\util\arraylist.h">
      <Filter>Header Files\util</Filter>
    </ClInclude>
    <ClInclude Include="src\entities\components.h">
      <Filter>Header Files\components</Filter>
    </ClInclude>
    <ClInclude Include="src\scenes\match.h">
      <Filter>Header Files\components</Filter>
    </ClInclude>
    <ClInclude Include="src\engine\textureManager.h">
      <Filter>Header Files\util</Filter>
    </ClInclude>
    <ClInclude Include="src\util\vector.h">
      <Filter>Header Files\util</Filter>
    </ClInclude>
    <ClInclude Include="src\textures.h">
      <Filter>Header Files</Filter>
    </ClInclude>
    <ClInclude Include="src\util\polygon.h">
      <Filter>Header Files</Filter>
    </ClInclude>
    <ClInclude Include="src\main.h">
      <Filter>Header Files</Filter>
    </ClInclude>
    <ClInclude Include="src\gui\gui.h">
      <Filter>Header Files</Filter>
    </ClInclude>
    <ClInclude Include="src\scenes\menu.h">
      <Filter>Header Files</Filter>
    </ClInclude>
    <ClInclude Include="src\util\lexicon.h">
      <Filter>Header Files</Filter>
    </ClInclude>
    <ClInclude Include="src\scenes\pause.h">
      <Filter>Header Files</Filter>
    </ClInclude>
    <ClInclude Include="src\util\perlin.h">
      <Filter>Header Files</Filter>
    </ClInclude>
    <ClInclude Include="src\gui\SDL_FontCache.h">
      <Filter>Header Files</Filter>
    </ClInclude>
    <ClInclude Include="src\util\misc.h">
      <Filter>Header Files</Filter>
    </ClInclude>
    <ClInclude Include="src\engine\soundManager.h">
      <Filter>Header Files</Filter>
    </ClInclude>
    <ClInclude Include="src\scenes\tournament.h">
      <Filter>Header Files</Filter>
    </ClInclude>
    <ClInclude Include="src\engine\goap.h">
      <Filter>Header Files</Filter>
    </ClInclude>
    <ClInclude Include="src\scenes\ai.h">
      <Filter>Header Files</Filter>
    </ClInclude>
    <ClInclude Include="src\util\heap.h">
      <Filter>Header Files</Filter>
    </ClInclude>
    <ClInclude Include="src\entities\entities.h">
      <Filter>Header Files</Filter>
    </ClInclude>
  </ItemGroup>
  <ItemGroup>
    <Text Include="todo.txt">
      <Filter>Source Files</Filter>
    </Text>
  </ItemGroup>
</Project>