<?xml version="1.0" encoding="utf-8"?>
<Project ToolsVersion="4.0" xmlns="http://schemas.microsoft.com/developer/msbuild/2003">
  <ItemGroup>
    <Filter Include="Source Files">
      <UniqueIdentifier>{4FC737F1-C7A5-4376-A066-2A32D752A2FF}</UniqueIdentifier>
      <Extensions>cpp;c;cc;cxx;c++;cppm;ixx;def;odl;idl;hpj;bat;asm;asmx</Extensions>
    </Filter>
    <Filter Include="Header Files">
      <UniqueIdentifier>{93995380-89BD-4b04-88EB-625FBE52EBFB}</UniqueIdentifier>
      <Extensions>h;hh;hpp;hxx;h++;hm;inl;inc;ipp;xsd</Extensions>
    </Filter>
    <Filter Include="Resource Files">
      <UniqueIdentifier>{67DA6AB6-F800-4c08-8B7A-83BB121AAD01}</UniqueIdentifier>
      <Extensions>rc;ico;cur;bmp;dlg;rc2;rct;bin;rgs;gif;jpg;jpeg;jpe;resx;tiff;tif;png;wav;mfcribbon-ms</Extensions>
    </Filter>
    <Filter Include="Header Files\util">
      <UniqueIdentifier>{2fa34dca-95bb-4f87-a1b1-80d69ab753d8}</UniqueIdentifier>
    </Filter>
    <Filter Include="Source Files\util">
      <UniqueIdentifier>{f43bb1b6-e92f-47aa-8cf8-bc4b60444a46}</UniqueIdentifier>
    </Filter>
    <Filter Include="Header Files\components">
      <UniqueIdentifier>{89b8746d-486d-4619-8592-2ee0558eac58}</UniqueIdentifier>
    </Filter>
    <Filter Include="Source Files\components">
      <UniqueIdentifier>{f68b1bf3-c690-48f5-b3b5-59bed6707e69}</UniqueIdentifier>
    </Filter>
  </ItemGroup>
  <ItemGroup>
    <ClCompile Include="src\main.c">
      <Filter>Source Files</Filter>
    </ClCompile>
    <ClCompile Include="src\engine\gameState.c">
      <Filter>Source Files</Filter>
    </ClCompile>
    <ClCompile Include="src\terrain.c">
      <Filter>Source Files</Filter>
    </ClCompile>
    <ClCompile Include="src\engine\scene.c">
      <Filter>Source Files</Filter>
    </ClCompile>
    <ClCompile Include="src\util\debug.c">
      <Filter>Source Files\util</Filter>
    </ClCompile>
    <ClCompile Include="src\util\arraylist.c">
      <Filter>Source Files\util</Filter>
    </ClCompile>
    <ClCompile Include="src\scenes\match.c">
      <Filter>Source Files\components</Filter>
    </ClCompile>
    <ClCompile Include="src\components\components.c">
      <Filter>Source Files\components</Filter>
    </ClCompile>
    <ClCompile Include="src\engine\textureManager.c">
      <Filter>Source Files\util</Filter>
    </ClCompile>
    <ClCompile Include="src\textures.c">
      <Filter>Source Files</Filter>
    </ClCompile>
    <ClCompile Include="src\components\city.c">
      <Filter>Source Files</Filter>
    </ClCompile>
    <ClCompile Include="src\util\vector.c">
      <Filter>Source Files</Filter>
    </ClCompile>
    <ClCompile Include="src\components\nation.c">
      <Filter>Source Files</Filter>
    </ClCompile>
    <ClCompile Include="src\components\infantry.c">
      <Filter>Source Files</Filter>
    </ClCompile>
    <ClCompile Include="src\util\polygon.c">
      <Filter>Source Files</Filter>
    </ClCompile>
    <ClCompile Include="src\components\bullet.c">
      <Filter>Source Files</Filter>
    </ClCompile>
    <ClCompile Include="src\gui\guic.c">
      <Filter>Source Files</Filter>
    </ClCompile>
    <ClCompile Include="src\gui\font.c">
      <Filter>Source Files</Filter>
    </ClCompile>
    <ClCompile Include="src\scenes\menu.c">
      <Filter>Source Files</Filter>
    </ClCompile>
    <ClCompile Include="src\components\coin.c">
      <Filter>Source Files</Filter>
    </ClCompile>
    <ClCompile Include="src\components\mine.c">
      <Filter>Source Files</Filter>
    </ClCompile>
    <ClCompile Include="src\components\ore.c">
      <Filter>Source Files</Filter>
    </ClCompile>
    <ClCompile Include="src\components\factory.c">
      <Filter>Source Files</Filter>
    </ClCompile>
    <ClCompile Include="src\components\cavalry.c">
      <Filter>Source Files</Filter>
    </ClCompile>
    <ClCompile Include="src\components\artillery.c">
      <Filter>Source Files</Filter>
    </ClCompile>
    <ClCompile Include="src\components\shell.c">
      <Filter>Source Files</Filter>
    </ClCompile>
    <ClCompile Include="src\components\wall.c">
      <Filter>Source Files</Filter>
    </ClCompile>
    <ClCompile Include="src\components\port.c">
      <Filter>Source Files</Filter>
    </ClCompile>
    <ClCompile Include="src\components\battleship.c">
      <Filter>Source Files</Filter>
    </ClCompile>
    <ClCompile Include="src\components\cruiser.c">
      <Filter>Source Files</Filter>
    </ClCompile>
    <ClCompile Include="src\components\destroyer.c">
      <Filter>Source Files</Filter>
    </ClCompile>
    <ClCompile Include="src\util\lexicon.c">
      <Filter>Source Files</Filter>
    </ClCompile>
    <ClCompile Include="src\components\fighter.c">
      <Filter>Source Files</Filter>
    </ClCompile>
  </ItemGroup>
  <ItemGroup>
    <ClInclude Include="src\engine\gameState.h">
      <Filter>Header Files</Filter>
    </ClInclude>
    <ClInclude Include="src\terrain.h">
      <Filter>Header Files</Filter>
    </ClInclude>
    <ClInclude Include="src\engine\scene.h">
      <Filter>Header Files</Filter>
    </ClInclude>
    <ClInclude Include="src\util\debug.h">
      <Filter>Header Files\util</Filter>
    </ClInclude>
    <ClInclude Include="src\util\arraylist.h">
      <Filter>Header Files\util</Filter>
    </ClInclude>
    <ClInclude Include="src\components\components.h">
      <Filter>Header Files\components</Filter>
    </ClInclude>
    <ClInclude Include="src\scenes\match.h">
      <Filter>Header Files\components</Filter>
    </ClInclude>
    <ClInclude Include="src\engine\textureManager.h">
      <Filter>Header Files\util</Filter>
    </ClInclude>
    <ClInclude Include="src\util\vector.h">
      <Filter>Header Files\util</Filter>
    </ClInclude>
    <ClInclude Include="src\textures.h">
      <Filter>Header Files</Filter>
    </ClInclude>
    <ClInclude Include="src\components\city.h">
      <Filter>Header Files</Filter>
    </ClInclude>
    <ClInclude Include="src\components\nation.h">
      <Filter>Header Files</Filter>
    </ClInclude>
    <ClInclude Include="src\components\infantry.h">
      <Filter>Header Files</Filter>
    </ClInclude>
    <ClInclude Include="src\util\polygon.h">
      <Filter>Header Files</Filter>
    </ClInclude>
    <ClInclude Include="src\components\bullet.h">
      <Filter>Header Files</Filter>
    </ClInclude>
    <ClInclude Include="src\main.h">
      <Filter>Header Files</Filter>
    </ClInclude>
    <ClInclude Include="src\gui\gui.h">
      <Filter>Header Files</Filter>
    </ClInclude>
    <ClInclude Include="src\gui\font.h">
      <Filter>Header Files</Filter>
    </ClInclude>
    <ClInclude Include="src\scenes\menu.h">
      <Filter>Header Files</Filter>
    </ClInclude>
    <ClInclude Include="src\components\coin.h">
      <Filter>Header Files</Filter>
    </ClInclude>
    <ClInclude Include="src\components\mine.h">
      <Filter>Header Files</Filter>
    </ClInclude>
    <ClInclude Include="src\components\ore.h">
      <Filter>Header Files</Filter>
    </ClInclude>
    <ClInclude Include="src\components\factory.h">
      <Filter>Header Files</Filter>
    </ClInclude>
    <ClInclude Include="src\components\cavalry.h">
      <Filter>Header Files</Filter>
    </ClInclude>
    <ClInclude Include="src\components\artillery.h">
      <Filter>Header Files</Filter>
    </ClInclude>
    <ClInclude Include="src\components\shell.h">
      <Filter>Header Files</Filter>
    </ClInclude>
    <ClInclude Include="src\components\wall.h">
      <Filter>Header Files</Filter>
    </ClInclude>
    <ClInclude Include="src\components\port.h">
      <Filter>Header Files</Filter>
    </ClInclude>
    <ClInclude Include="src\components\battleship.h">
      <Filter>Header Files</Filter>
    </ClInclude>
    <ClInclude Include="src\components\cruiser.h">
      <Filter>Header Files</Filter>
    </ClInclude>
    <ClInclude Include="src\components\destroyer.h">
      <Filter>Header Files</Filter>
    </ClInclude>
    <ClInclude Include="src\util\lexicon.h">
      <Filter>Header Files</Filter>
    </ClInclude>
    <ClInclude Include="src\components\fighter.h">
      <Filter>Header Files</Filter>
    </ClInclude>
  </ItemGroup>
  <ItemGroup>
    <Text Include="todo.txt">
      <Filter>Source Files</Filter>
    </Text>
  </ItemGroup>
</Project>